// !$*UTF8*$!
{
	archiveVersion = 1;
	classes = {
	};
	objectVersion = 46;
	objects = {

/* Begin PBXBuildFile section */
		8EA31A1C1F977C2D15EAB933 /* libPods-Todoly.a in Frameworks */ = {isa = PBXBuildFile; fileRef = FE7FBA5A48741C551454874C /* libPods-Todoly.a */; };
		AAE344A41AA7AE6F00F1F0C9 /* Default-568h@2x.png in Resources */ = {isa = PBXBuildFile; fileRef = AAE344A31AA7AE6F00F1F0C9 /* Default-568h@2x.png */; };
		D042C2E315AF24CD00A88888 /* Icon-Small.png in Resources */ = {isa = PBXBuildFile; fileRef = D042C2D815AF249300A88888 /* Icon-Small.png */; };
		D042C2E415AF24CD00A88888 /* Icon-Small@2x.png in Resources */ = {isa = PBXBuildFile; fileRef = D042C2D915AF249300A88888 /* Icon-Small@2x.png */; };
		D042C2E515AF24CD00A88888 /* Icon.png in Resources */ = {isa = PBXBuildFile; fileRef = D042C2DA15AF249300A88888 /* Icon.png */; };
		D042C2E615AF24CD00A88888 /* Icon@2x.png in Resources */ = {isa = PBXBuildFile; fileRef = D042C2DB15AF249300A88888 /* Icon@2x.png */; };
		D042C2E815AF25B300A88888 /* iTunesArtwork@2x in Resources */ = {isa = PBXBuildFile; fileRef = D042C2E715AF25B300A88888 /* iTunesArtwork@2x */; };
		D0716DE0159A2FB1001988A9 /* QuartzCore.framework in Frameworks */ = {isa = PBXBuildFile; fileRef = D0716DDF159A2FB1001988A9 /* QuartzCore.framework */; };
		D07A4A011594D3AA003E4DCE /* UIKit.framework in Frameworks */ = {isa = PBXBuildFile; fileRef = D07A4A001594D3AA003E4DCE /* UIKit.framework */; };
		D07A4A031594D3AA003E4DCE /* Foundation.framework in Frameworks */ = {isa = PBXBuildFile; fileRef = D07A4A021594D3AA003E4DCE /* Foundation.framework */; };
		D07A4A051594D3AA003E4DCE /* CoreGraphics.framework in Frameworks */ = {isa = PBXBuildFile; fileRef = D07A4A041594D3AA003E4DCE /* CoreGraphics.framework */; };
		D07A4A0B1594D3AA003E4DCE /* InfoPlist.strings in Resources */ = {isa = PBXBuildFile; fileRef = D07A4A091594D3AA003E4DCE /* InfoPlist.strings */; };
		D07A4A0D1594D3AA003E4DCE /* main.m in Sources */ = {isa = PBXBuildFile; fileRef = D07A4A0C1594D3AA003E4DCE /* main.m */; };
		D07A4A111594D3AA003E4DCE /* TBAppDelegate.m in Sources */ = {isa = PBXBuildFile; fileRef = D07A4A101594D3AA003E4DCE /* TBAppDelegate.m */; };
		D07A4A141594D3AA003E4DCE /* MainStoryboard.storyboard in Resources */ = {isa = PBXBuildFile; fileRef = D07A4A121594D3AA003E4DCE /* MainStoryboard.storyboard */; };
		D07A4A171594D3AA003E4DCE /* TBMasterViewController.m in Sources */ = {isa = PBXBuildFile; fileRef = D07A4A161594D3AA003E4DCE /* TBMasterViewController.m */; };
		D07A4A1A1594D3AA003E4DCE /* TBDetailViewController.m in Sources */ = {isa = PBXBuildFile; fileRef = D07A4A191594D3AA003E4DCE /* TBDetailViewController.m */; };
		D07A4A3D1594D404003E4DCE /* TBLoginViewController.m in Sources */ = {isa = PBXBuildFile; fileRef = D07A4A3C1594D404003E4DCE /* TBLoginViewController.m */; };
		D07A4A421594DEC4003E4DCE /* CFNetwork.framework in Frameworks */ = {isa = PBXBuildFile; fileRef = D07A4A411594DEC4003E4DCE /* CFNetwork.framework */; };
		D07A4A441594DECD003E4DCE /* SystemConfiguration.framework in Frameworks */ = {isa = PBXBuildFile; fileRef = D07A4A431594DECD003E4DCE /* SystemConfiguration.framework */; };
		D07A4A461594DEDC003E4DCE /* MobileCoreServices.framework in Frameworks */ = {isa = PBXBuildFile; fileRef = D07A4A451594DEDC003E4DCE /* MobileCoreServices.framework */; };
		D07A4A481594DEEA003E4DCE /* libz.dylib in Frameworks */ = {isa = PBXBuildFile; fileRef = D07A4A471594DEEA003E4DCE /* libz.dylib */; };
		D07A4A5115950769003E4DCE /* TBTodoItem.m in Sources */ = {isa = PBXBuildFile; fileRef = D07A4A4F1594FED7003E4DCE /* TBTodoItem.m */; };
		D07A4A5415950A73003E4DCE /* TBTodoItemCell.m in Sources */ = {isa = PBXBuildFile; fileRef = D07A4A5315950A73003E4DCE /* TBTodoItemCell.m */; };
		D0A4B1A415A1E55400362D67 /* cloudmine-clouds.png in Resources */ = {isa = PBXBuildFile; fileRef = D0A4B1A315A1E55400362D67 /* cloudmine-clouds.png */; };
		D0A4B1A615A1E6B400362D67 /* cloudmine-clouds@2x.png in Resources */ = {isa = PBXBuildFile; fileRef = D0A4B1A515A1E6B400362D67 /* cloudmine-clouds@2x.png */; };
		D0A4B1AD15A1F87400362D67 /* priority-green.png in Resources */ = {isa = PBXBuildFile; fileRef = D0A4B1A715A1F87400362D67 /* priority-green.png */; };
		D0A4B1AE15A1F87400362D67 /* priority-green@2x.png in Resources */ = {isa = PBXBuildFile; fileRef = D0A4B1A815A1F87400362D67 /* priority-green@2x.png */; };
		D0A4B1AF15A1F87400362D67 /* priority-red.png in Resources */ = {isa = PBXBuildFile; fileRef = D0A4B1A915A1F87400362D67 /* priority-red.png */; };
		D0A4B1B015A1F87400362D67 /* priority-red@2x.png in Resources */ = {isa = PBXBuildFile; fileRef = D0A4B1AA15A1F87400362D67 /* priority-red@2x.png */; };
		D0A4B1B115A1F87400362D67 /* priority-yellow.png in Resources */ = {isa = PBXBuildFile; fileRef = D0A4B1AB15A1F87400362D67 /* priority-yellow.png */; };
		D0A4B1B215A1F87400362D67 /* priority-yellow@2x.png in Resources */ = {isa = PBXBuildFile; fileRef = D0A4B1AC15A1F87400362D67 /* priority-yellow@2x.png */; };
		D0AE3F2D15A5DEE30047FA4A /* Default.png in Resources */ = {isa = PBXBuildFile; fileRef = D0AE3F2B15A5DEE30047FA4A /* Default.png */; };
		D0AE3F2E15A5DEE30047FA4A /* Default@2x.png in Resources */ = {isa = PBXBuildFile; fileRef = D0AE3F2C15A5DEE30047FA4A /* Default@2x.png */; };
/* End PBXBuildFile section */

/* Begin PBXFileReference section */
		6093A776FA482FC2F94D8E70 /* Pods-Todoly.release.xcconfig */ = {isa = PBXFileReference; includeInIndex = 1; lastKnownFileType = text.xcconfig; name = "Pods-Todoly.release.xcconfig"; path = "Pods/Target Support Files/Pods-Todoly/Pods-Todoly.release.xcconfig"; sourceTree = "<group>"; };
		AAE344A31AA7AE6F00F1F0C9 /* Default-568h@2x.png */ = {isa = PBXFileReference; lastKnownFileType = image.png; path = "Default-568h@2x.png"; sourceTree = "<group>"; };
		B0033F80A931677B63D3165A /* Pods-Todoly.debug.xcconfig */ = {isa = PBXFileReference; includeInIndex = 1; lastKnownFileType = text.xcconfig; name = "Pods-Todoly.debug.xcconfig"; path = "Pods/Target Support Files/Pods-Todoly/Pods-Todoly.debug.xcconfig"; sourceTree = "<group>"; };
		D042C2D815AF249300A88888 /* Icon-Small.png */ = {isa = PBXFileReference; lastKnownFileType = image.png; path = "Icon-Small.png"; sourceTree = "<group>"; };
		D042C2D915AF249300A88888 /* Icon-Small@2x.png */ = {isa = PBXFileReference; lastKnownFileType = image.png; path = "Icon-Small@2x.png"; sourceTree = "<group>"; };
		D042C2DA15AF249300A88888 /* Icon.png */ = {isa = PBXFileReference; lastKnownFileType = image.png; path = Icon.png; sourceTree = "<group>"; };
		D042C2DB15AF249300A88888 /* Icon@2x.png */ = {isa = PBXFileReference; lastKnownFileType = image.png; path = "Icon@2x.png"; sourceTree = "<group>"; };
		D042C2DC15AF249300A88888 /* iTunesArtwork */ = {isa = PBXFileReference; lastKnownFileType = file; path = iTunesArtwork; sourceTree = "<group>"; };
		D042C2E715AF25B300A88888 /* iTunesArtwork@2x */ = {isa = PBXFileReference; lastKnownFileType = file; path = "iTunesArtwork@2x"; sourceTree = "<group>"; };
		D0716DDF159A2FB1001988A9 /* QuartzCore.framework */ = {isa = PBXFileReference; lastKnownFileType = wrapper.framework; name = QuartzCore.framework; path = System/Library/Frameworks/QuartzCore.framework; sourceTree = SDKROOT; };
		D07A49FC1594D3AA003E4DCE /* Todoly.app */ = {isa = PBXFileReference; explicitFileType = wrapper.application; includeInIndex = 0; path = Todoly.app; sourceTree = BUILT_PRODUCTS_DIR; };
		D07A4A001594D3AA003E4DCE /* UIKit.framework */ = {isa = PBXFileReference; lastKnownFileType = wrapper.framework; name = UIKit.framework; path = System/Library/Frameworks/UIKit.framework; sourceTree = SDKROOT; };
		D07A4A021594D3AA003E4DCE /* Foundation.framework */ = {isa = PBXFileReference; lastKnownFileType = wrapper.framework; name = Foundation.framework; path = System/Library/Frameworks/Foundation.framework; sourceTree = SDKROOT; };
		D07A4A041594D3AA003E4DCE /* CoreGraphics.framework */ = {isa = PBXFileReference; lastKnownFileType = wrapper.framework; name = CoreGraphics.framework; path = System/Library/Frameworks/CoreGraphics.framework; sourceTree = SDKROOT; };
		D07A4A081594D3AA003E4DCE /* Todoly-Info.plist */ = {isa = PBXFileReference; lastKnownFileType = text.plist.xml; path = "Todoly-Info.plist"; sourceTree = "<group>"; };
		D07A4A0A1594D3AA003E4DCE /* en */ = {isa = PBXFileReference; lastKnownFileType = text.plist.strings; name = en; path = en.lproj/InfoPlist.strings; sourceTree = "<group>"; };
		D07A4A0C1594D3AA003E4DCE /* main.m */ = {isa = PBXFileReference; lastKnownFileType = sourcecode.c.objc; path = main.m; sourceTree = "<group>"; };
		D07A4A0E1594D3AA003E4DCE /* Todoly-Prefix.pch */ = {isa = PBXFileReference; lastKnownFileType = sourcecode.c.h; path = "Todoly-Prefix.pch"; sourceTree = "<group>"; };
		D07A4A0F1594D3AA003E4DCE /* TBAppDelegate.h */ = {isa = PBXFileReference; lastKnownFileType = sourcecode.c.h; path = TBAppDelegate.h; sourceTree = "<group>"; };
		D07A4A101594D3AA003E4DCE /* TBAppDelegate.m */ = {isa = PBXFileReference; lastKnownFileType = sourcecode.c.objc; path = TBAppDelegate.m; sourceTree = "<group>"; };
		D07A4A131594D3AA003E4DCE /* en */ = {isa = PBXFileReference; lastKnownFileType = file.storyboard; name = en; path = en.lproj/MainStoryboard.storyboard; sourceTree = "<group>"; };
		D07A4A151594D3AA003E4DCE /* TBMasterViewController.h */ = {isa = PBXFileReference; lastKnownFileType = sourcecode.c.h; path = TBMasterViewController.h; sourceTree = "<group>"; };
		D07A4A161594D3AA003E4DCE /* TBMasterViewController.m */ = {isa = PBXFileReference; lastKnownFileType = sourcecode.c.objc; path = TBMasterViewController.m; sourceTree = "<group>"; };
		D07A4A181594D3AA003E4DCE /* TBDetailViewController.h */ = {isa = PBXFileReference; lastKnownFileType = sourcecode.c.h; path = TBDetailViewController.h; sourceTree = "<group>"; };
		D07A4A191594D3AA003E4DCE /* TBDetailViewController.m */ = {isa = PBXFileReference; lastKnownFileType = sourcecode.c.objc; path = TBDetailViewController.m; sourceTree = "<group>"; };
		D07A4A3B1594D404003E4DCE /* TBLoginViewController.h */ = {isa = PBXFileReference; fileEncoding = 4; lastKnownFileType = sourcecode.c.h; path = TBLoginViewController.h; sourceTree = "<group>"; };
		D07A4A3C1594D404003E4DCE /* TBLoginViewController.m */ = {isa = PBXFileReference; fileEncoding = 4; lastKnownFileType = sourcecode.c.objc; path = TBLoginViewController.m; sourceTree = "<group>"; };
		D07A4A3E1594DE9D003E4DCE /* CloudMine.framework */ = {isa = PBXFileReference; lastKnownFileType = wrapper.framework; path = CloudMine.framework; sourceTree = "<group>"; };
		D07A4A411594DEC4003E4DCE /* CFNetwork.framework */ = {isa = PBXFileReference; lastKnownFileType = wrapper.framework; name = CFNetwork.framework; path = System/Library/Frameworks/CFNetwork.framework; sourceTree = SDKROOT; };
		D07A4A431594DECD003E4DCE /* SystemConfiguration.framework */ = {isa = PBXFileReference; lastKnownFileType = wrapper.framework; name = SystemConfiguration.framework; path = System/Library/Frameworks/SystemConfiguration.framework; sourceTree = SDKROOT; };
		D07A4A451594DEDC003E4DCE /* MobileCoreServices.framework */ = {isa = PBXFileReference; lastKnownFileType = wrapper.framework; name = MobileCoreServices.framework; path = System/Library/Frameworks/MobileCoreServices.framework; sourceTree = SDKROOT; };
		D07A4A471594DEEA003E4DCE /* libz.dylib */ = {isa = PBXFileReference; lastKnownFileType = "compiled.mach-o.dylib"; name = libz.dylib; path = usr/lib/libz.dylib; sourceTree = SDKROOT; };
		D07A4A4E1594FED7003E4DCE /* TBTodoItem.h */ = {isa = PBXFileReference; fileEncoding = 4; lastKnownFileType = sourcecode.c.h; path = TBTodoItem.h; sourceTree = "<group>"; };
		D07A4A4F1594FED7003E4DCE /* TBTodoItem.m */ = {isa = PBXFileReference; fileEncoding = 4; lastKnownFileType = sourcecode.c.objc; path = TBTodoItem.m; sourceTree = "<group>"; };
		D07A4A5215950A72003E4DCE /* TBTodoItemCell.h */ = {isa = PBXFileReference; fileEncoding = 4; lastKnownFileType = sourcecode.c.h; path = TBTodoItemCell.h; sourceTree = "<group>"; };
		D07A4A5315950A73003E4DCE /* TBTodoItemCell.m */ = {isa = PBXFileReference; fileEncoding = 4; lastKnownFileType = sourcecode.c.objc; path = TBTodoItemCell.m; sourceTree = "<group>"; };
		D0A4B1A315A1E55400362D67 /* cloudmine-clouds.png */ = {isa = PBXFileReference; lastKnownFileType = image.png; path = "cloudmine-clouds.png"; sourceTree = "<group>"; };
		D0A4B1A515A1E6B400362D67 /* cloudmine-clouds@2x.png */ = {isa = PBXFileReference; lastKnownFileType = image.png; path = "cloudmine-clouds@2x.png"; sourceTree = "<group>"; };
		D0A4B1A715A1F87400362D67 /* priority-green.png */ = {isa = PBXFileReference; lastKnownFileType = image.png; path = "priority-green.png"; sourceTree = "<group>"; };
		D0A4B1A815A1F87400362D67 /* priority-green@2x.png */ = {isa = PBXFileReference; lastKnownFileType = image.png; path = "priority-green@2x.png"; sourceTree = "<group>"; };
		D0A4B1A915A1F87400362D67 /* priority-red.png */ = {isa = PBXFileReference; lastKnownFileType = image.png; path = "priority-red.png"; sourceTree = "<group>"; };
		D0A4B1AA15A1F87400362D67 /* priority-red@2x.png */ = {isa = PBXFileReference; lastKnownFileType = image.png; path = "priority-red@2x.png"; sourceTree = "<group>"; };
		D0A4B1AB15A1F87400362D67 /* priority-yellow.png */ = {isa = PBXFileReference; lastKnownFileType = image.png; path = "priority-yellow.png"; sourceTree = "<group>"; };
		D0A4B1AC15A1F87400362D67 /* priority-yellow@2x.png */ = {isa = PBXFileReference; lastKnownFileType = image.png; path = "priority-yellow@2x.png"; sourceTree = "<group>"; };
		D0AE3F2B15A5DEE30047FA4A /* Default.png */ = {isa = PBXFileReference; lastKnownFileType = image.png; path = Default.png; sourceTree = "<group>"; };
		D0AE3F2C15A5DEE30047FA4A /* Default@2x.png */ = {isa = PBXFileReference; lastKnownFileType = image.png; path = "Default@2x.png"; sourceTree = "<group>"; };
		FE7FBA5A48741C551454874C /* libPods-Todoly.a */ = {isa = PBXFileReference; explicitFileType = archive.ar; includeInIndex = 0; path = "libPods-Todoly.a"; sourceTree = BUILT_PRODUCTS_DIR; };
/* End PBXFileReference section */

/* Begin PBXFrameworksBuildPhase section */
		D07A49F91594D3AA003E4DCE /* Frameworks */ = {
			isa = PBXFrameworksBuildPhase;
			buildActionMask = 2147483647;
			files = (
				D07A4A481594DEEA003E4DCE /* libz.dylib in Frameworks */,
				D07A4A461594DEDC003E4DCE /* MobileCoreServices.framework in Frameworks */,
				D07A4A441594DECD003E4DCE /* SystemConfiguration.framework in Frameworks */,
				D07A4A421594DEC4003E4DCE /* CFNetwork.framework in Frameworks */,
				D07A4A011594D3AA003E4DCE /* UIKit.framework in Frameworks */,
				D0716DE0159A2FB1001988A9 /* QuartzCore.framework in Frameworks */,
				D07A4A031594D3AA003E4DCE /* Foundation.framework in Frameworks */,
				D07A4A051594D3AA003E4DCE /* CoreGraphics.framework in Frameworks */,
				8EA31A1C1F977C2D15EAB933 /* libPods-Todoly.a in Frameworks */,
			);
			runOnlyForDeploymentPostprocessing = 0;
		};
/* End PBXFrameworksBuildPhase section */

/* Begin PBXGroup section */
		D07A49F11594D3AA003E4DCE = {
			isa = PBXGroup;
			children = (
				AAE344A31AA7AE6F00F1F0C9 /* Default-568h@2x.png */,
				D07A4A061594D3AA003E4DCE /* Todoly */,
				D07A49FF1594D3AA003E4DCE /* Frameworks */,
				D07A49FD1594D3AA003E4DCE /* Products */,
				FDF676B9AF149F7FE71EC079 /* Pods */,
			);
			sourceTree = "<group>";
		};
		D07A49FD1594D3AA003E4DCE /* Products */ = {
			isa = PBXGroup;
			children = (
				D07A49FC1594D3AA003E4DCE /* Todoly.app */,
			);
			name = Products;
			sourceTree = "<group>";
		};
		D07A49FF1594D3AA003E4DCE /* Frameworks */ = {
			isa = PBXGroup;
			children = (
				D07A4A471594DEEA003E4DCE /* libz.dylib */,
				D07A4A451594DEDC003E4DCE /* MobileCoreServices.framework */,
				D07A4A431594DECD003E4DCE /* SystemConfiguration.framework */,
				D07A4A411594DEC4003E4DCE /* CFNetwork.framework */,
				D07A4A3E1594DE9D003E4DCE /* CloudMine.framework */,
				D07A4A001594D3AA003E4DCE /* UIKit.framework */,
				D0716DDF159A2FB1001988A9 /* QuartzCore.framework */,
				D07A4A021594D3AA003E4DCE /* Foundation.framework */,
				D07A4A041594D3AA003E4DCE /* CoreGraphics.framework */,
				FE7FBA5A48741C551454874C /* libPods-Todoly.a */,
			);
			name = Frameworks;
			sourceTree = "<group>";
		};
		D07A4A061594D3AA003E4DCE /* Todoly */ = {
			isa = PBXGroup;
			children = (
				D07A4A0F1594D3AA003E4DCE /* TBAppDelegate.h */,
				D07A4A101594D3AA003E4DCE /* TBAppDelegate.m */,
				D07A4A121594D3AA003E4DCE /* MainStoryboard.storyboard */,
				D07A4A3B1594D404003E4DCE /* TBLoginViewController.h */,
				D07A4A3C1594D404003E4DCE /* TBLoginViewController.m */,
				D07A4A151594D3AA003E4DCE /* TBMasterViewController.h */,
				D07A4A161594D3AA003E4DCE /* TBMasterViewController.m */,
				D07A4A181594D3AA003E4DCE /* TBDetailViewController.h */,
				D07A4A191594D3AA003E4DCE /* TBDetailViewController.m */,
				D07A4A4E1594FED7003E4DCE /* TBTodoItem.h */,
				D07A4A4F1594FED7003E4DCE /* TBTodoItem.m */,
				D07A4A5215950A72003E4DCE /* TBTodoItemCell.h */,
				D07A4A5315950A73003E4DCE /* TBTodoItemCell.m */,
				D07A4A071594D3AA003E4DCE /* Supporting Files */,
			);
			path = Todoly;
			sourceTree = "<group>";
		};
		D07A4A071594D3AA003E4DCE /* Supporting Files */ = {
			isa = PBXGroup;
			children = (
				D042C2D815AF249300A88888 /* Icon-Small.png */,
				D042C2D915AF249300A88888 /* Icon-Small@2x.png */,
				D042C2DA15AF249300A88888 /* Icon.png */,
				D042C2DB15AF249300A88888 /* Icon@2x.png */,
				D042C2DC15AF249300A88888 /* iTunesArtwork */,
				D042C2E715AF25B300A88888 /* iTunesArtwork@2x */,
				D0A4B1A715A1F87400362D67 /* priority-green.png */,
				D0A4B1A815A1F87400362D67 /* priority-green@2x.png */,
				D0A4B1A915A1F87400362D67 /* priority-red.png */,
				D0A4B1AA15A1F87400362D67 /* priority-red@2x.png */,
				D0A4B1AB15A1F87400362D67 /* priority-yellow.png */,
				D0A4B1AC15A1F87400362D67 /* priority-yellow@2x.png */,
				D0A4B1A315A1E55400362D67 /* cloudmine-clouds.png */,
				D0A4B1A515A1E6B400362D67 /* cloudmine-clouds@2x.png */,
				D0AE3F2B15A5DEE30047FA4A /* Default.png */,
				D0AE3F2C15A5DEE30047FA4A /* Default@2x.png */,
				D07A4A081594D3AA003E4DCE /* Todoly-Info.plist */,
				D07A4A091594D3AA003E4DCE /* InfoPlist.strings */,
				D07A4A0C1594D3AA003E4DCE /* main.m */,
				D07A4A0E1594D3AA003E4DCE /* Todoly-Prefix.pch */,
			);
			name = "Supporting Files";
			sourceTree = "<group>";
		};
		FDF676B9AF149F7FE71EC079 /* Pods */ = {
			isa = PBXGroup;
			children = (
				B0033F80A931677B63D3165A /* Pods-Todoly.debug.xcconfig */,
				6093A776FA482FC2F94D8E70 /* Pods-Todoly.release.xcconfig */,
			);
			name = Pods;
			sourceTree = "<group>";
		};
/* End PBXGroup section */

/* Begin PBXNativeTarget section */
		D07A49FB1594D3AA003E4DCE /* Todoly */ = {
			isa = PBXNativeTarget;
			buildConfigurationList = D07A4A321594D3AA003E4DCE /* Build configuration list for PBXNativeTarget "Todoly" */;
			buildPhases = (
				ED6393B73979F4015560001B /* Check Pods Manifest.lock */,
				D07A49F81594D3AA003E4DCE /* Sources */,
				D07A49F91594D3AA003E4DCE /* Frameworks */,
				D07A49FA1594D3AA003E4DCE /* Resources */,
				15244D86EDC7B10292C2471E /* Copy Pods Resources */,
			);
			buildRules = (
			);
			dependencies = (
			);
			name = Todoly;
			productName = Todoly;
			productReference = D07A49FC1594D3AA003E4DCE /* Todoly.app */;
			productType = "com.apple.product-type.application";
		};
/* End PBXNativeTarget section */

/* Begin PBXProject section */
		D07A49F31594D3AA003E4DCE /* Project object */ = {
			isa = PBXProject;
			attributes = {
				CLASSPREFIX = TB;
				LastUpgradeCheck = 0610;
				ORGANIZATIONNAME = "Conrad Kramer";
			};
			buildConfigurationList = D07A49F61594D3AA003E4DCE /* Build configuration list for PBXProject "Todoly" */;
			compatibilityVersion = "Xcode 3.2";
			developmentRegion = English;
			hasScannedForEncodings = 0;
			knownRegions = (
				en,
			);
			mainGroup = D07A49F11594D3AA003E4DCE;
			productRefGroup = D07A49FD1594D3AA003E4DCE /* Products */;
			projectDirPath = "";
			projectRoot = "";
			targets = (
				D07A49FB1594D3AA003E4DCE /* Todoly */,
			);
		};
/* End PBXProject section */

/* Begin PBXResourcesBuildPhase section */
		D07A49FA1594D3AA003E4DCE /* Resources */ = {
			isa = PBXResourcesBuildPhase;
			buildActionMask = 2147483647;
			files = (
				D07A4A0B1594D3AA003E4DCE /* InfoPlist.strings in Resources */,
				D07A4A141594D3AA003E4DCE /* MainStoryboard.storyboard in Resources */,
				D0A4B1A415A1E55400362D67 /* cloudmine-clouds.png in Resources */,
				D0A4B1A615A1E6B400362D67 /* cloudmine-clouds@2x.png in Resources */,
				D0A4B1AD15A1F87400362D67 /* priority-green.png in Resources */,
				D0A4B1AE15A1F87400362D67 /* priority-green@2x.png in Resources */,
				D0A4B1AF15A1F87400362D67 /* priority-red.png in Resources */,
				D0A4B1B015A1F87400362D67 /* priority-red@2x.png in Resources */,
				D0A4B1B115A1F87400362D67 /* priority-yellow.png in Resources */,
				D0A4B1B215A1F87400362D67 /* priority-yellow@2x.png in Resources */,
				D0AE3F2D15A5DEE30047FA4A /* Default.png in Resources */,
				AAE344A41AA7AE6F00F1F0C9 /* Default-568h@2x.png in Resources */,
				D0AE3F2E15A5DEE30047FA4A /* Default@2x.png in Resources */,
				D042C2E315AF24CD00A88888 /* Icon-Small.png in Resources */,
				D042C2E415AF24CD00A88888 /* Icon-Small@2x.png in Resources */,
				D042C2E515AF24CD00A88888 /* Icon.png in Resources */,
				D042C2E615AF24CD00A88888 /* Icon@2x.png in Resources */,
				D042C2E815AF25B300A88888 /* iTunesArtwork@2x in Resources */,
			);
			runOnlyForDeploymentPostprocessing = 0;
		};
/* End PBXResourcesBuildPhase section */

/* Begin PBXShellScriptBuildPhase section */
		15244D86EDC7B10292C2471E /* Copy Pods Resources */ = {
			isa = PBXShellScriptBuildPhase;
			buildActionMask = 2147483647;
			files = (
			);
			inputPaths = (
			);
			name = "Copy Pods Resources";
			outputPaths = (
			);
			runOnlyForDeploymentPostprocessing = 0;
			shellPath = /bin/sh;
			shellScript = "\"${SRCROOT}/Pods/Target Support Files/Pods-Todoly/Pods-Todoly-resources.sh\"\n";
			showEnvVarsInLog = 0;
		};
		ED6393B73979F4015560001B /* Check Pods Manifest.lock */ = {
			isa = PBXShellScriptBuildPhase;
			buildActionMask = 2147483647;
			files = (
			);
			inputPaths = (
			);
			name = "Check Pods Manifest.lock";
			outputPaths = (
			);
			runOnlyForDeploymentPostprocessing = 0;
			shellPath = /bin/sh;
			shellScript = "diff \"${PODS_ROOT}/../Podfile.lock\" \"${PODS_ROOT}/Manifest.lock\" > /dev/null\nif [[ $? != 0 ]] ; then\n    cat << EOM\nerror: The sandbox is not in sync with the Podfile.lock. Run 'pod install' or update your CocoaPods installation.\nEOM\n    exit 1\nfi\n";
			showEnvVarsInLog = 0;
		};
/* End PBXShellScriptBuildPhase section */

/* Begin PBXSourcesBuildPhase section */
		D07A49F81594D3AA003E4DCE /* Sources */ = {
			isa = PBXSourcesBuildPhase;
			buildActionMask = 2147483647;
			files = (
				D07A4A0D1594D3AA003E4DCE /* main.m in Sources */,
				D07A4A111594D3AA003E4DCE /* TBAppDelegate.m in Sources */,
				D07A4A171594D3AA003E4DCE /* TBMasterViewController.m in Sources */,
				D07A4A1A1594D3AA003E4DCE /* TBDetailViewController.m in Sources */,
				D07A4A3D1594D404003E4DCE /* TBLoginViewController.m in Sources */,
				D07A4A5115950769003E4DCE /* TBTodoItem.m in Sources */,
				D07A4A5415950A73003E4DCE /* TBTodoItemCell.m in Sources */,
			);
			runOnlyForDeploymentPostprocessing = 0;
		};
/* End PBXSourcesBuildPhase section */

/* Begin PBXVariantGroup section */
		D07A4A091594D3AA003E4DCE /* InfoPlist.strings */ = {
			isa = PBXVariantGroup;
			children = (
				D07A4A0A1594D3AA003E4DCE /* en */,
			);
			name = InfoPlist.strings;
			sourceTree = "<group>";
		};
		D07A4A121594D3AA003E4DCE /* MainStoryboard.storyboard */ = {
			isa = PBXVariantGroup;
			children = (
				D07A4A131594D3AA003E4DCE /* en */,
			);
			name = MainStoryboard.storyboard;
			sourceTree = "<group>";
		};
/* End PBXVariantGroup section */

/* Begin XCBuildConfiguration section */
		D07A4A301594D3AA003E4DCE /* Debug */ = {
			isa = XCBuildConfiguration;
			buildSettings = {
				ALWAYS_SEARCH_USER_PATHS = NO;
				CLANG_CXX_LANGUAGE_STANDARD = "gnu++0x";
				CLANG_ENABLE_OBJC_ARC = YES;
				CLANG_WARN_BOOL_CONVERSION = YES;
				CLANG_WARN_CONSTANT_CONVERSION = YES;
				CLANG_WARN_EMPTY_BODY = YES;
				CLANG_WARN_ENUM_CONVERSION = YES;
				CLANG_WARN_INT_CONVERSION = YES;
				CLANG_WARN_UNREACHABLE_CODE = YES;
				CLANG_WARN__DUPLICATE_METHOD_MATCH = YES;
				"CODE_SIGN_IDENTITY[sdk=iphoneos*]" = "iPhone Developer";
				COPY_PHASE_STRIP = NO;
				ENABLE_STRICT_OBJC_MSGSEND = YES;
				GCC_C_LANGUAGE_STANDARD = gnu99;
				GCC_DYNAMIC_NO_PIC = NO;
				GCC_OPTIMIZATION_LEVEL = 0;
				GCC_PREPROCESSOR_DEFINITIONS = (
					"DEBUG=1",
					"$(inherited)",
				);
				GCC_SYMBOLS_PRIVATE_EXTERN = NO;
				GCC_VERSION = com.apple.compilers.llvm.clang.1_0;
				GCC_WARN_64_TO_32_BIT_CONVERSION = YES;
				GCC_WARN_ABOUT_RETURN_TYPE = YES;
				GCC_WARN_UNDECLARED_SELECTOR = YES;
				GCC_WARN_UNINITIALIZED_AUTOS = YES;
				GCC_WARN_UNUSED_FUNCTION = YES;
				GCC_WARN_UNUSED_VARIABLE = YES;
				IPHONEOS_DEPLOYMENT_TARGET = 5.0;
				ONLY_ACTIVE_ARCH = YES;
				SDKROOT = iphoneos;
			};
			name = Debug;
		};
		D07A4A311594D3AA003E4DCE /* Release */ = {
			isa = XCBuildConfiguration;
			buildSettings = {
				ALWAYS_SEARCH_USER_PATHS = NO;
				CLANG_CXX_LANGUAGE_STANDARD = "gnu++0x";
				CLANG_ENABLE_OBJC_ARC = YES;
				CLANG_WARN_BOOL_CONVERSION = YES;
				CLANG_WARN_CONSTANT_CONVERSION = YES;
				CLANG_WARN_EMPTY_BODY = YES;
				CLANG_WARN_ENUM_CONVERSION = YES;
				CLANG_WARN_INT_CONVERSION = YES;
				CLANG_WARN_UNREACHABLE_CODE = YES;
				CLANG_WARN__DUPLICATE_METHOD_MATCH = YES;
				"CODE_SIGN_IDENTITY[sdk=iphoneos*]" = "iPhone Developer";
				COPY_PHASE_STRIP = YES;
				ENABLE_STRICT_OBJC_MSGSEND = YES;
				GCC_C_LANGUAGE_STANDARD = gnu99;
				GCC_VERSION = com.apple.compilers.llvm.clang.1_0;
				GCC_WARN_64_TO_32_BIT_CONVERSION = YES;
				GCC_WARN_ABOUT_RETURN_TYPE = YES;
				GCC_WARN_UNDECLARED_SELECTOR = YES;
				GCC_WARN_UNINITIALIZED_AUTOS = YES;
				GCC_WARN_UNUSED_FUNCTION = YES;
				GCC_WARN_UNUSED_VARIABLE = YES;
				IPHONEOS_DEPLOYMENT_TARGET = 5.0;
				OTHER_CFLAGS = "-DNS_BLOCK_ASSERTIONS=1";
				SDKROOT = iphoneos;
				VALIDATE_PRODUCT = YES;
			};
			name = Release;
		};
		D07A4A331594D3AA003E4DCE /* Debug */ = {
			isa = XCBuildConfiguration;
			baseConfigurationReference = B0033F80A931677B63D3165A /* Pods-Todoly.debug.xcconfig */;
			buildSettings = {
				FRAMEWORK_SEARCH_PATHS = (
					"$(inherited)",
					"\"$(SRCROOT)\"",
				);
				GCC_PRECOMPILE_PREFIX_HEADER = YES;
				GCC_PREFIX_HEADER = "Todoly/Todoly-Prefix.pch";
				INFOPLIST_FILE = "Todoly/Todoly-Info.plist";
				IPHONEOS_DEPLOYMENT_TARGET = 8.0;
				OTHER_LDFLAGS = "$(inherited)";
				PRODUCT_NAME = "$(TARGET_NAME)";
				WRAPPER_EXTENSION = app;
			};
			name = Debug;
		};
		D07A4A341594D3AA003E4DCE /* Release */ = {
			isa = XCBuildConfiguration;
			baseConfigurationReference = 6093A776FA482FC2F94D8E70 /* Pods-Todoly.release.xcconfig */;
			buildSettings = {
				FRAMEWORK_SEARCH_PATHS = (
					"$(inherited)",
					"\"$(SRCROOT)\"",
				);
				GCC_PRECOMPILE_PREFIX_HEADER = YES;
				GCC_PREFIX_HEADER = "Todoly/Todoly-Prefix.pch";
				INFOPLIST_FILE = "Todoly/Todoly-Info.plist";
				IPHONEOS_DEPLOYMENT_TARGET = 8.0;
				OTHER_LDFLAGS = "$(inherited)";
				PRODUCT_NAME = "$(TARGET_NAME)";
				WRAPPER_EXTENSION = app;
			};
			name = Release;
		};
/* End XCBuildConfiguration section */

/* Begin XCConfigurationList section */
		D07A49F61594D3AA003E4DCE /* Build configuration list for PBXProject "Todoly" */ = {
			isa = XCConfigurationList;
			buildConfigurations = (
				D07A4A301594D3AA003E4DCE /* Debug */,
				D07A4A311594D3AA003E4DCE /* Release */,
			);
			defaultConfigurationIsVisible = 0;
			defaultConfigurationName = Release;
		};
		D07A4A321594D3AA003E4DCE /* Build configuration list for PBXNativeTarget "Todoly" */ = {
			isa = XCConfigurationList;
			buildConfigurations = (
				D07A4A331594D3AA003E4DCE /* Debug */,
				D07A4A341594D3AA003E4DCE /* Release */,
			);
			defaultConfigurationIsVisible = 0;
			defaultConfigurationName = Release;
		};
/* End XCConfigurationList section */
	};
	rootObject = D07A49F31594D3AA003E4DCE /* Project object */;
}
